
Microsoft Visual Studio Solution File, Format Version 12.00
# Visual Studio Version 17
VisualStudioVersion = 17.4.33103.184
MinimumVisualStudioVersion = 10.0.40219.1
Project("{D954291E-2A0B-460D-934E-DC6B0785DB48}") = "CodeHashifier.Uno.Shared", "CodeHashifier.Uno\CodeHashifier.Uno.Shared\CodeHashifier.Uno.Shared.shproj", "{6279C845-92F8-4333-AB99-3D213163593C}"
EndProject
Project("{2150E333-8FDC-42A3-9474-1A3956D46DE8}") = "Platforms", "Platforms", "{B16AC51D-7C89-4EC2-B131-BBAC326C5A10}"
EndProject
Project("{FAE04EC0-301F-11D3-BF4B-00C04F79EFBC}") = "CodeHashifier.Uno.Droid", "CodeHashifier.Uno\CodeHashifier.Uno.Droid\CodeHashifier.Uno.Droid.csproj", "{48FCBAC3-7B7E-40D6-AD04-E36837CEAE88}"
EndProject
Project("{FAE04EC0-301F-11D3-BF4B-00C04F79EFBC}") = "CodeHashifier.Uno.iOS", "CodeHashifier.Uno\CodeHashifier.Uno.iOS\CodeHashifier.Uno.iOS.csproj", "{717902A2-5A8D-413B-BED8-1EA4702D349F}"
EndProject
Project("{FAE04EC0-301F-11D3-BF4B-00C04F79EFBC}") = "CodeHashifier.Uno.UWP", "CodeHashifier.Uno\CodeHashifier.Uno.UWP\CodeHashifier.Uno.UWP.csproj", "{F6D48E78-BDF9-4941-A158-3D8550070D97}"
EndProject
Project("{FAE04EC0-301F-11D3-BF4B-00C04F79EFBC}") = "CodeHashifier.Uno.Wasm", "CodeHashifier.Uno\CodeHashifier.Uno.Wasm\CodeHashifier.Uno.Wasm.csproj", "{98127D4F-3C2E-40BB-BFA2-B4973102A5F8}"
EndProject
Project("{FAE04EC0-301F-11D3-BF4B-00C04F79EFBC}") = "CodeHashifier.Uno.macOS", "CodeHashifier.Uno\CodeHashifier.Uno.macOS\CodeHashifier.Uno.macOS.csproj", "{A740CDBA-F014-4006-A29C-729859F4BDCA}"
EndProject
Project("{FAE04EC0-301F-11D3-BF4B-00C04F79EFBC}") = "CodeHashifier.Uno.Skia.Wpf.Host", "CodeHashifier.Uno\CodeHashifier.Uno.Skia.Wpf.Host\CodeHashifier.Uno.Skia.Wpf.Host.csproj", "{E52393E1-ADAB-4955-B513-D5453548E331}"
EndProject
Project("{FAE04EC0-301F-11D3-BF4B-00C04F79EFBC}") = "CodeHashifier.Uno.Skia.Wpf", "CodeHashifier.Uno\CodeHashifier.Uno.Skia.Wpf\CodeHashifier.Uno.Skia.Wpf.csproj", "{76CC440E-97BA-4448-BCFB-4B960A06AD38}"
EndProject
Project("{FAE04EC0-301F-11D3-BF4B-00C04F79EFBC}") = "CodeHashifier.Uno.Skia.Gtk", "CodeHashifier.Uno\CodeHashifier.Uno.Skia.Gtk\CodeHashifier.Uno.Skia.Gtk.csproj", "{B1E7F344-208B-4D4D-A7D5-A4ED119CEEDC}"
EndProject
Project("{FAE04EC0-301F-11D3-BF4B-00C04F79EFBC}") = "CodeHashifier.Uno.Skia.Tizen", "CodeHashifier.Uno\CodeHashifier.Uno.Skia.Tizen\CodeHashifier.Uno.Skia.Tizen.csproj", "{631CF3A2-8858-4F54-9B1E-8D37A2D92EAF}"
EndProject
Global
	GlobalSection(SolutionConfigurationPlatforms) = preSolution
		Ad-Hoc|Any CPU = Ad-Hoc|Any CPU
		Ad-Hoc|ARM = Ad-Hoc|ARM
		Ad-Hoc|ARM64 = Ad-Hoc|ARM64
		Ad-Hoc|iPhone = Ad-Hoc|iPhone
		Ad-Hoc|iPhoneSimulator = Ad-Hoc|iPhoneSimulator
		Ad-Hoc|x64 = Ad-Hoc|x64
		Ad-Hoc|x86 = Ad-Hoc|x86
		AppStore|Any CPU = AppStore|Any CPU
		AppStore|ARM = AppStore|ARM
		AppStore|ARM64 = AppStore|ARM64
		AppStore|iPhone = AppStore|iPhone
		AppStore|iPhoneSimulator = AppStore|iPhoneSimulator
		AppStore|x64 = AppStore|x64
		AppStore|x86 = AppStore|x86
		Debug|Any CPU = Debug|Any CPU
		Debug|ARM = Debug|ARM
		Debug|ARM64 = Debug|ARM64
		Debug|iPhone = Debug|iPhone
		Debug|iPhoneSimulator = Debug|iPhoneSimulator
		Debug|x64 = Debug|x64
		Debug|x86 = Debug|x86
		Release|Any CPU = Release|Any CPU
		Release|ARM = Release|ARM
		Release|ARM64 = Release|ARM64
		Release|iPhone = Release|iPhone
		Release|iPhoneSimulator = Release|iPhoneSimulator
		Release|x64 = Release|x64
		Release|x86 = Release|x86
	EndGlobalSection
	GlobalSection(ProjectConfigurationPlatforms) = postSolution
		{48FCBAC3-7B7E-40D6-AD04-E36837CEAE88}.Ad-Hoc|Any CPU.ActiveCfg = Debug|Any CPU
		{48FCBAC3-7B7E-40D6-AD04-E36837CEAE88}.Ad-Hoc|Any CPU.Build.0 = Debug|Any CPU
		{48FCBAC3-7B7E-40D6-AD04-E36837CEAE88}.Ad-Hoc|Any CPU.Deploy.0 = Debug|Any CPU
		{48FCBAC3-7B7E-40D6-AD04-E36837CEAE88}.Ad-Hoc|ARM.ActiveCfg = Debug|Any CPU
		{48FCBAC3-7B7E-40D6-AD04-E36837CEAE88}.Ad-Hoc|ARM.Build.0 = Debug|Any CPU
		{48FCBAC3-7B7E-40D6-AD04-E36837CEAE88}.Ad-Hoc|ARM.Deploy.0 = Debug|Any CPU
		{48FCBAC3-7B7E-40D6-AD04-E36837CEAE88}.Ad-Hoc|ARM64.ActiveCfg = Debug|Any CPU
		{48FCBAC3-7B7E-40D6-AD04-E36837CEAE88}.Ad-Hoc|ARM64.Build.0 = Debug|Any CPU
		{48FCBAC3-7B7E-40D6-AD04-E36837CEAE88}.Ad-Hoc|ARM64.Deploy.0 = Debug|Any CPU
		{48FCBAC3-7B7E-40D6-AD04-E36837CEAE88}.Ad-Hoc|iPhone.ActiveCfg = Debug|Any CPU
		{48FCBAC3-7B7E-40D6-AD04-E36837CEAE88}.Ad-Hoc|iPhone.Build.0 = Debug|Any CPU
		{48FCBAC3-7B7E-40D6-AD04-E36837CEAE88}.Ad-Hoc|iPhone.Deploy.0 = Debug|Any CPU
		{48FCBAC3-7B7E-40D6-AD04-E36837CEAE88}.Ad-Hoc|iPhoneSimulator.ActiveCfg = Debug|Any CPU
		{48FCBAC3-7B7E-40D6-AD04-E36837CEAE88}.Ad-Hoc|iPhoneSimulator.Build.0 = Debug|Any CPU
		{48FCBAC3-7B7E-40D6-AD04-E36837CEAE88}.Ad-Hoc|iPhoneSimulator.Deploy.0 = Debug|Any CPU
		{48FCBAC3-7B7E-40D6-AD04-E36837CEAE88}.Ad-Hoc|x64.ActiveCfg = Debug|Any CPU
		{48FCBAC3-7B7E-40D6-AD04-E36837CEAE88}.Ad-Hoc|x64.Build.0 = Debug|Any CPU
		{48FCBAC3-7B7E-40D6-AD04-E36837CEAE88}.Ad-Hoc|x64.Deploy.0 = Debug|Any CPU
		{48FCBAC3-7B7E-40D6-AD04-E36837CEAE88}.Ad-Hoc|x86.ActiveCfg = Debug|Any CPU
		{48FCBAC3-7B7E-40D6-AD04-E36837CEAE88}.Ad-Hoc|x86.Build.0 = Debug|Any CPU
		{48FCBAC3-7B7E-40D6-AD04-E36837CEAE88}.Ad-Hoc|x86.Deploy.0 = Debug|Any CPU
		{48FCBAC3-7B7E-40D6-AD04-E36837CEAE88}.AppStore|Any CPU.ActiveCfg = Debug|Any CPU
		{48FCBAC3-7B7E-40D6-AD04-E36837CEAE88}.AppStore|Any CPU.Build.0 = Debug|Any CPU
		{48FCBAC3-7B7E-40D6-AD04-E36837CEAE88}.AppStore|Any CPU.Deploy.0 = Debug|Any CPU
		{48FCBAC3-7B7E-40D6-AD04-E36837CEAE88}.AppStore|ARM.ActiveCfg = Debug|Any CPU
		{48FCBAC3-7B7E-40D6-AD04-E36837CEAE88}.AppStore|ARM.Build.0 = Debug|Any CPU
		{48FCBAC3-7B7E-40D6-AD04-E36837CEAE88}.AppStore|ARM.Deploy.0 = Debug|Any CPU
		{48FCBAC3-7B7E-40D6-AD04-E36837CEAE88}.AppStore|ARM64.ActiveCfg = Debug|Any CPU
		{48FCBAC3-7B7E-40D6-AD04-E36837CEAE88}.AppStore|ARM64.Build.0 = Debug|Any CPU
		{48FCBAC3-7B7E-40D6-AD04-E36837CEAE88}.AppStore|ARM64.Deploy.0 = Debug|Any CPU
		{48FCBAC3-7B7E-40D6-AD04-E36837CEAE88}.AppStore|iPhone.ActiveCfg = Debug|Any CPU
		{48FCBAC3-7B7E-40D6-AD04-E36837CEAE88}.AppStore|iPhone.Build.0 = Debug|Any CPU
		{48FCBAC3-7B7E-40D6-AD04-E36837CEAE88}.AppStore|iPhone.Deploy.0 = Debug|Any CPU
		{48FCBAC3-7B7E-40D6-AD04-E36837CEAE88}.AppStore|iPhoneSimulator.ActiveCfg = Debug|Any CPU
		{48FCBAC3-7B7E-40D6-AD04-E36837CEAE88}.AppStore|iPhoneSimulator.Build.0 = Debug|Any CPU
		{48FCBAC3-7B7E-40D6-AD04-E36837CEAE88}.AppStore|iPhoneSimulator.Deploy.0 = Debug|Any CPU
		{48FCBAC3-7B7E-40D6-AD04-E36837CEAE88}.AppStore|x64.ActiveCfg = Debug|Any CPU
		{48FCBAC3-7B7E-40D6-AD04-E36837CEAE88}.AppStore|x64.Build.0 = Debug|Any CPU
		{48FCBAC3-7B7E-40D6-AD04-E36837CEAE88}.AppStore|x64.Deploy.0 = Debug|Any CPU
		{48FCBAC3-7B7E-40D6-AD04-E36837CEAE88}.AppStore|x86.ActiveCfg = Debug|Any CPU
		{48FCBAC3-7B7E-40D6-AD04-E36837CEAE88}.AppStore|x86.Build.0 = Debug|Any CPU
		{48FCBAC3-7B7E-40D6-AD04-E36837CEAE88}.AppStore|x86.Deploy.0 = Debug|Any CPU
		{48FCBAC3-7B7E-40D6-AD04-E36837CEAE88}.Debug|Any CPU.ActiveCfg = Debug|Any CPU
		{48FCBAC3-7B7E-40D6-AD04-E36837CEAE88}.Debug|Any CPU.Build.0 = Debug|Any CPU
		{48FCBAC3-7B7E-40D6-AD04-E36837CEAE88}.Debug|Any CPU.Deploy.0 = Debug|Any CPU
		{48FCBAC3-7B7E-40D6-AD04-E36837CEAE88}.Debug|ARM.ActiveCfg = Debug|Any CPU
		{48FCBAC3-7B7E-40D6-AD04-E36837CEAE88}.Debug|ARM.Build.0 = Debug|Any CPU
		{48FCBAC3-7B7E-40D6-AD04-E36837CEAE88}.Debug|ARM.Deploy.0 = Debug|Any CPU
		{48FCBAC3-7B7E-40D6-AD04-E36837CEAE88}.Debug|ARM64.ActiveCfg = Debug|Any CPU
		{48FCBAC3-7B7E-40D6-AD04-E36837CEAE88}.Debug|ARM64.Build.0 = Debug|Any CPU
		{48FCBAC3-7B7E-40D6-AD04-E36837CEAE88}.Debug|ARM64.Deploy.0 = Debug|Any CPU
		{48FCBAC3-7B7E-40D6-AD04-E36837CEAE88}.Debug|iPhone.ActiveCfg = Debug|Any CPU
		{48FCBAC3-7B7E-40D6-AD04-E36837CEAE88}.Debug|iPhone.Build.0 = Debug|Any CPU
		{48FCBAC3-7B7E-40D6-AD04-E36837CEAE88}.Debug|iPhone.Deploy.0 = Debug|Any CPU
		{48FCBAC3-7B7E-40D6-AD04-E36837CEAE88}.Debug|iPhoneSimulator.ActiveCfg = Debug|Any CPU
		{48FCBAC3-7B7E-40D6-AD04-E36837CEAE88}.Debug|iPhoneSimulator.Build.0 = Debug|Any CPU
		{48FCBAC3-7B7E-40D6-AD04-E36837CEAE88}.Debug|iPhoneSimulator.Deploy.0 = Debug|Any CPU
		{48FCBAC3-7B7E-40D6-AD04-E36837CEAE88}.Debug|x64.ActiveCfg = Debug|Any CPU
		{48FCBAC3-7B7E-40D6-AD04-E36837CEAE88}.Debug|x64.Build.0 = Debug|Any CPU
		{48FCBAC3-7B7E-40D6-AD04-E36837CEAE88}.Debug|x64.Deploy.0 = Debug|Any CPU
		{48FCBAC3-7B7E-40D6-AD04-E36837CEAE88}.Debug|x86.ActiveCfg = Debug|Any CPU
		{48FCBAC3-7B7E-40D6-AD04-E36837CEAE88}.Debug|x86.Build.0 = Debug|Any CPU
		{48FCBAC3-7B7E-40D6-AD04-E36837CEAE88}.Debug|x86.Deploy.0 = Debug|Any CPU
		{48FCBAC3-7B7E-40D6-AD04-E36837CEAE88}.Release|Any CPU.ActiveCfg = Release|Any CPU
		{48FCBAC3-7B7E-40D6-AD04-E36837CEAE88}.Release|Any CPU.Build.0 = Release|Any CPU
		{48FCBAC3-7B7E-40D6-AD04-E36837CEAE88}.Release|Any CPU.Deploy.0 = Release|Any CPU
		{48FCBAC3-7B7E-40D6-AD04-E36837CEAE88}.Release|ARM.ActiveCfg = Release|Any CPU
		{48FCBAC3-7B7E-40D6-AD04-E36837CEAE88}.Release|ARM.Build.0 = Release|Any CPU
		{48FCBAC3-7B7E-40D6-AD04-E36837CEAE88}.Release|ARM.Deploy.0 = Release|Any CPU
		{48FCBAC3-7B7E-40D6-AD04-E36837CEAE88}.Release|ARM64.ActiveCfg = Release|Any CPU
		{48FCBAC3-7B7E-40D6-AD04-E36837CEAE88}.Release|ARM64.Build.0 = Release|Any CPU
		{48FCBAC3-7B7E-40D6-AD04-E36837CEAE88}.Release|ARM64.Deploy.0 = Release|Any CPU
		{48FCBAC3-7B7E-40D6-AD04-E36837CEAE88}.Release|iPhone.ActiveCfg = Release|Any CPU
		{48FCBAC3-7B7E-40D6-AD04-E36837CEAE88}.Release|iPhone.Build.0 = Release|Any CPU
		{48FCBAC3-7B7E-40D6-AD04-E36837CEAE88}.Release|iPhone.Deploy.0 = Release|Any CPU
		{48FCBAC3-7B7E-40D6-AD04-E36837CEAE88}.Release|iPhoneSimulator.ActiveCfg = Release|Any CPU
		{48FCBAC3-7B7E-40D6-AD04-E36837CEAE88}.Release|iPhoneSimulator.Build.0 = Release|Any CPU
		{48FCBAC3-7B7E-40D6-AD04-E36837CEAE88}.Release|iPhoneSimulator.Deploy.0 = Release|Any CPU
		{48FCBAC3-7B7E-40D6-AD04-E36837CEAE88}.Release|x64.ActiveCfg = Release|Any CPU
		{48FCBAC3-7B7E-40D6-AD04-E36837CEAE88}.Release|x64.Build.0 = Release|Any CPU
		{48FCBAC3-7B7E-40D6-AD04-E36837CEAE88}.Release|x64.Deploy.0 = Release|Any CPU
		{48FCBAC3-7B7E-40D6-AD04-E36837CEAE88}.Release|x86.ActiveCfg = Release|Any CPU
		{48FCBAC3-7B7E-40D6-AD04-E36837CEAE88}.Release|x86.Build.0 = Release|Any CPU
		{48FCBAC3-7B7E-40D6-AD04-E36837CEAE88}.Release|x86.Deploy.0 = Release|Any CPU
		{717902A2-5A8D-413B-BED8-1EA4702D349F}.Ad-Hoc|Any CPU.ActiveCfg = Ad-Hoc|iPhoneSimulator
		{717902A2-5A8D-413B-BED8-1EA4702D349F}.Ad-Hoc|Any CPU.Build.0 = Ad-Hoc|iPhoneSimulator
		{717902A2-5A8D-413B-BED8-1EA4702D349F}.Ad-Hoc|ARM.ActiveCfg = Ad-Hoc|iPhoneSimulator
		{717902A2-5A8D-413B-BED8-1EA4702D349F}.Ad-Hoc|ARM.Build.0 = Ad-Hoc|iPhoneSimulator
		{717902A2-5A8D-413B-BED8-1EA4702D349F}.Ad-Hoc|ARM64.ActiveCfg = Ad-Hoc|iPhoneSimulator
		{717902A2-5A8D-413B-BED8-1EA4702D349F}.Ad-Hoc|ARM64.Build.0 = Ad-Hoc|iPhoneSimulator
		{717902A2-5A8D-413B-BED8-1EA4702D349F}.Ad-Hoc|iPhone.ActiveCfg = Ad-Hoc|iPhone
		{717902A2-5A8D-413B-BED8-1EA4702D349F}.Ad-Hoc|iPhone.Build.0 = Ad-Hoc|iPhone
		{717902A2-5A8D-413B-BED8-1EA4702D349F}.Ad-Hoc|iPhoneSimulator.ActiveCfg = Ad-Hoc|iPhoneSimulator
		{717902A2-5A8D-413B-BED8-1EA4702D349F}.Ad-Hoc|iPhoneSimulator.Build.0 = Ad-Hoc|iPhoneSimulator
		{717902A2-5A8D-413B-BED8-1EA4702D349F}.Ad-Hoc|x64.ActiveCfg = Ad-Hoc|iPhoneSimulator
		{717902A2-5A8D-413B-BED8-1EA4702D349F}.Ad-Hoc|x64.Build.0 = Ad-Hoc|iPhoneSimulator
		{717902A2-5A8D-413B-BED8-1EA4702D349F}.Ad-Hoc|x86.ActiveCfg = Ad-Hoc|iPhoneSimulator
		{717902A2-5A8D-413B-BED8-1EA4702D349F}.Ad-Hoc|x86.Build.0 = Ad-Hoc|iPhoneSimulator
		{717902A2-5A8D-413B-BED8-1EA4702D349F}.AppStore|Any CPU.ActiveCfg = AppStore|iPhoneSimulator
		{717902A2-5A8D-413B-BED8-1EA4702D349F}.AppStore|Any CPU.Build.0 = AppStore|iPhoneSimulator
		{717902A2-5A8D-413B-BED8-1EA4702D349F}.AppStore|ARM.ActiveCfg = AppStore|iPhoneSimulator
		{717902A2-5A8D-413B-BED8-1EA4702D349F}.AppStore|ARM.Build.0 = AppStore|iPhoneSimulator
		{717902A2-5A8D-413B-BED8-1EA4702D349F}.AppStore|ARM64.ActiveCfg = AppStore|iPhoneSimulator
		{717902A2-5A8D-413B-BED8-1EA4702D349F}.AppStore|ARM64.Build.0 = AppStore|iPhoneSimulator
		{717902A2-5A8D-413B-BED8-1EA4702D349F}.AppStore|iPhone.ActiveCfg = AppStore|iPhone
		{717902A2-5A8D-413B-BED8-1EA4702D349F}.AppStore|iPhone.Build.0 = AppStore|iPhone
		{717902A2-5A8D-413B-BED8-1EA4702D349F}.AppStore|iPhoneSimulator.ActiveCfg = AppStore|iPhoneSimulator
		{717902A2-5A8D-413B-BED8-1EA4702D349F}.AppStore|iPhoneSimulator.Build.0 = AppStore|iPhoneSimulator
		{717902A2-5A8D-413B-BED8-1EA4702D349F}.AppStore|x64.ActiveCfg = AppStore|iPhoneSimulator
		{717902A2-5A8D-413B-BED8-1EA4702D349F}.AppStore|x64.Build.0 = AppStore|iPhoneSimulator
		{717902A2-5A8D-413B-BED8-1EA4702D349F}.AppStore|x86.ActiveCfg = AppStore|iPhoneSimulator
		{717902A2-5A8D-413B-BED8-1EA4702D349F}.AppStore|x86.Build.0 = AppStore|iPhoneSimulator
		{717902A2-5A8D-413B-BED8-1EA4702D349F}.Debug|Any CPU.ActiveCfg = Debug|iPhoneSimulator
		{717902A2-5A8D-413B-BED8-1EA4702D349F}.Debug|Any CPU.Build.0 = Debug|iPhoneSimulator
		{717902A2-5A8D-413B-BED8-1EA4702D349F}.Debug|ARM.ActiveCfg = Debug|iPhoneSimulator
		{717902A2-5A8D-413B-BED8-1EA4702D349F}.Debug|ARM.Build.0 = Debug|iPhoneSimulator
		{717902A2-5A8D-413B-BED8-1EA4702D349F}.Debug|ARM64.ActiveCfg = Debug|iPhoneSimulator
		{717902A2-5A8D-413B-BED8-1EA4702D349F}.Debug|ARM64.Build.0 = Debug|iPhoneSimulator
		{717902A2-5A8D-413B-BED8-1EA4702D349F}.Debug|iPhone.ActiveCfg = Debug|iPhone
		{717902A2-5A8D-413B-BED8-1EA4702D349F}.Debug|iPhone.Build.0 = Debug|iPhone
		{717902A2-5A8D-413B-BED8-1EA4702D349F}.Debug|iPhone.Deploy.0 = Debug|iPhone
		{717902A2-5A8D-413B-BED8-1EA4702D349F}.Debug|iPhoneSimulator.ActiveCfg = Debug|iPhoneSimulator
		{717902A2-5A8D-413B-BED8-1EA4702D349F}.Debug|iPhoneSimulator.Build.0 = Debug|iPhoneSimulator
		{717902A2-5A8D-413B-BED8-1EA4702D349F}.Debug|iPhoneSimulator.Deploy.0 = Debug|iPhoneSimulator
		{717902A2-5A8D-413B-BED8-1EA4702D349F}.Debug|x64.ActiveCfg = Debug|iPhoneSimulator
		{717902A2-5A8D-413B-BED8-1EA4702D349F}.Debug|x64.Build.0 = Debug|iPhoneSimulator
		{717902A2-5A8D-413B-BED8-1EA4702D349F}.Debug|x86.ActiveCfg = Debug|iPhoneSimulator
		{717902A2-5A8D-413B-BED8-1EA4702D349F}.Debug|x86.Build.0 = Debug|iPhoneSimulator
		{717902A2-5A8D-413B-BED8-1EA4702D349F}.Release|Any CPU.ActiveCfg = Release|iPhoneSimulator
		{717902A2-5A8D-413B-BED8-1EA4702D349F}.Release|Any CPU.Build.0 = Release|iPhoneSimulator
		{717902A2-5A8D-413B-BED8-1EA4702D349F}.Release|ARM.ActiveCfg = Release|iPhoneSimulator
		{717902A2-5A8D-413B-BED8-1EA4702D349F}.Release|ARM.Build.0 = Release|iPhoneSimulator
		{717902A2-5A8D-413B-BED8-1EA4702D349F}.Release|ARM64.ActiveCfg = Release|iPhoneSimulator
		{717902A2-5A8D-413B-BED8-1EA4702D349F}.Release|ARM64.Build.0 = Release|iPhoneSimulator
		{717902A2-5A8D-413B-BED8-1EA4702D349F}.Release|iPhone.ActiveCfg = Release|iPhone
		{717902A2-5A8D-413B-BED8-1EA4702D349F}.Release|iPhone.Build.0 = Release|iPhone
		{717902A2-5A8D-413B-BED8-1EA4702D349F}.Release|iPhoneSimulator.ActiveCfg = Release|iPhoneSimulator
		{717902A2-5A8D-413B-BED8-1EA4702D349F}.Release|iPhoneSimulator.Build.0 = Release|iPhoneSimulator
		{717902A2-5A8D-413B-BED8-1EA4702D349F}.Release|x64.ActiveCfg = Release|iPhoneSimulator
		{717902A2-5A8D-413B-BED8-1EA4702D349F}.Release|x64.Build.0 = Release|iPhoneSimulator
		{717902A2-5A8D-413B-BED8-1EA4702D349F}.Release|x86.ActiveCfg = Release|iPhoneSimulator
		{717902A2-5A8D-413B-BED8-1EA4702D349F}.Release|x86.Build.0 = Release|iPhoneSimulator
		{F6D48E78-BDF9-4941-A158-3D8550070D97}.Ad-Hoc|Any CPU.ActiveCfg = Debug|x64
		{F6D48E78-BDF9-4941-A158-3D8550070D97}.Ad-Hoc|Any CPU.Build.0 = Debug|x64
		{F6D48E78-BDF9-4941-A158-3D8550070D97}.Ad-Hoc|Any CPU.Deploy.0 = Debug|x64
		{F6D48E78-BDF9-4941-A158-3D8550070D97}.Ad-Hoc|ARM.ActiveCfg = Debug|ARM
		{F6D48E78-BDF9-4941-A158-3D8550070D97}.Ad-Hoc|ARM.Build.0 = Debug|ARM
		{F6D48E78-BDF9-4941-A158-3D8550070D97}.Ad-Hoc|ARM.Deploy.0 = Debug|ARM
		{F6D48E78-BDF9-4941-A158-3D8550070D97}.Ad-Hoc|ARM64.ActiveCfg = Debug|ARM64
		{F6D48E78-BDF9-4941-A158-3D8550070D97}.Ad-Hoc|ARM64.Build.0 = Debug|ARM64
		{F6D48E78-BDF9-4941-A158-3D8550070D97}.Ad-Hoc|ARM64.Deploy.0 = Debug|ARM64
		{F6D48E78-BDF9-4941-A158-3D8550070D97}.Ad-Hoc|iPhone.ActiveCfg = Debug|x64
		{F6D48E78-BDF9-4941-A158-3D8550070D97}.Ad-Hoc|iPhone.Build.0 = Debug|x64
		{F6D48E78-BDF9-4941-A158-3D8550070D97}.Ad-Hoc|iPhone.Deploy.0 = Debug|x64
		{F6D48E78-BDF9-4941-A158-3D8550070D97}.Ad-Hoc|iPhoneSimulator.ActiveCfg = Debug|x64
		{F6D48E78-BDF9-4941-A158-3D8550070D97}.Ad-Hoc|iPhoneSimulator.Build.0 = Debug|x64
		{F6D48E78-BDF9-4941-A158-3D8550070D97}.Ad-Hoc|iPhoneSimulator.Deploy.0 = Debug|x64
		{F6D48E78-BDF9-4941-A158-3D8550070D97}.Ad-Hoc|x64.ActiveCfg = Debug|x64
		{F6D48E78-BDF9-4941-A158-3D8550070D97}.Ad-Hoc|x64.Build.0 = Debug|x64
		{F6D48E78-BDF9-4941-A158-3D8550070D97}.Ad-Hoc|x64.Deploy.0 = Debug|x64
		{F6D48E78-BDF9-4941-A158-3D8550070D97}.Ad-Hoc|x86.ActiveCfg = Debug|x86
		{F6D48E78-BDF9-4941-A158-3D8550070D97}.Ad-Hoc|x86.Build.0 = Debug|x86
		{F6D48E78-BDF9-4941-A158-3D8550070D97}.Ad-Hoc|x86.Deploy.0 = Debug|x86
		{F6D48E78-BDF9-4941-A158-3D8550070D97}.AppStore|Any CPU.ActiveCfg = Debug|x64
		{F6D48E78-BDF9-4941-A158-3D8550070D97}.AppStore|Any CPU.Build.0 = Debug|x64
		{F6D48E78-BDF9-4941-A158-3D8550070D97}.AppStore|Any CPU.Deploy.0 = Debug|x64
		{F6D48E78-BDF9-4941-A158-3D8550070D97}.AppStore|ARM.ActiveCfg = Debug|ARM
		{F6D48E78-BDF9-4941-A158-3D8550070D97}.AppStore|ARM.Build.0 = Debug|ARM
		{F6D48E78-BDF9-4941-A158-3D8550070D97}.AppStore|ARM.Deploy.0 = Debug|ARM
		{F6D48E78-BDF9-4941-A158-3D8550070D97}.AppStore|ARM64.ActiveCfg = Debug|ARM64
		{F6D48E78-BDF9-4941-A158-3D8550070D97}.AppStore|ARM64.Build.0 = Debug|ARM64
		{F6D48E78-BDF9-4941-A158-3D8550070D97}.AppStore|ARM64.Deploy.0 = Debug|ARM64
		{F6D48E78-BDF9-4941-A158-3D8550070D97}.AppStore|iPhone.ActiveCfg = Debug|x64
		{F6D48E78-BDF9-4941-A158-3D8550070D97}.AppStore|iPhone.Build.0 = Debug|x64
		{F6D48E78-BDF9-4941-A158-3D8550070D97}.AppStore|iPhone.Deploy.0 = Debug|x64
		{F6D48E78-BDF9-4941-A158-3D8550070D97}.AppStore|iPhoneSimulator.ActiveCfg = Debug|x64
		{F6D48E78-BDF9-4941-A158-3D8550070D97}.AppStore|iPhoneSimulator.Build.0 = Debug|x64
		{F6D48E78-BDF9-4941-A158-3D8550070D97}.AppStore|iPhoneSimulator.Deploy.0 = Debug|x64
		{F6D48E78-BDF9-4941-A158-3D8550070D97}.AppStore|x64.ActiveCfg = Debug|x64
		{F6D48E78-BDF9-4941-A158-3D8550070D97}.AppStore|x64.Build.0 = Debug|x64
		{F6D48E78-BDF9-4941-A158-3D8550070D97}.AppStore|x64.Deploy.0 = Debug|x64
		{F6D48E78-BDF9-4941-A158-3D8550070D97}.AppStore|x86.ActiveCfg = Debug|x86
		{F6D48E78-BDF9-4941-A158-3D8550070D97}.AppStore|x86.Build.0 = Debug|x86
		{F6D48E78-BDF9-4941-A158-3D8550070D97}.AppStore|x86.Deploy.0 = Debug|x86
		{F6D48E78-BDF9-4941-A158-3D8550070D97}.Debug|Any CPU.ActiveCfg = Debug|x64
		{F6D48E78-BDF9-4941-A158-3D8550070D97}.Debug|Any CPU.Build.0 = Debug|x64
		{F6D48E78-BDF9-4941-A158-3D8550070D97}.Debug|Any CPU.Deploy.0 = Debug|x64
		{F6D48E78-BDF9-4941-A158-3D8550070D97}.Debug|ARM.ActiveCfg = Debug|ARM
		{F6D48E78-BDF9-4941-A158-3D8550070D97}.Debug|ARM.Build.0 = Debug|ARM
		{F6D48E78-BDF9-4941-A158-3D8550070D97}.Debug|ARM.Deploy.0 = Debug|ARM
		{F6D48E78-BDF9-4941-A158-3D8550070D97}.Debug|ARM64.ActiveCfg = Debug|ARM64
		{F6D48E78-BDF9-4941-A158-3D8550070D97}.Debug|ARM64.Build.0 = Debug|ARM64
		{F6D48E78-BDF9-4941-A158-3D8550070D97}.Debug|ARM64.Deploy.0 = Debug|ARM64
		{F6D48E78-BDF9-4941-A158-3D8550070D97}.Debug|iPhone.ActiveCfg = Debug|x64
		{F6D48E78-BDF9-4941-A158-3D8550070D97}.Debug|iPhone.Build.0 = Debug|x64
		{F6D48E78-BDF9-4941-A158-3D8550070D97}.Debug|iPhone.Deploy.0 = Debug|x64
		{F6D48E78-BDF9-4941-A158-3D8550070D97}.Debug|iPhoneSimulator.ActiveCfg = Debug|x64
		{F6D48E78-BDF9-4941-A158-3D8550070D97}.Debug|iPhoneSimulator.Build.0 = Debug|x64
		{F6D48E78-BDF9-4941-A158-3D8550070D97}.Debug|iPhoneSimulator.Deploy.0 = Debug|x64
		{F6D48E78-BDF9-4941-A158-3D8550070D97}.Debug|x64.ActiveCfg = Debug|x64
		{F6D48E78-BDF9-4941-A158-3D8550070D97}.Debug|x64.Build.0 = Debug|x64
		{F6D48E78-BDF9-4941-A158-3D8550070D97}.Debug|x64.Deploy.0 = Debug|x64
		{F6D48E78-BDF9-4941-A158-3D8550070D97}.Debug|x86.ActiveCfg = Debug|x86
		{F6D48E78-BDF9-4941-A158-3D8550070D97}.Debug|x86.Build.0 = Debug|x86
		{F6D48E78-BDF9-4941-A158-3D8550070D97}.Debug|x86.Deploy.0 = Debug|x86
		{F6D48E78-BDF9-4941-A158-3D8550070D97}.Release|Any CPU.ActiveCfg = Release|x64
		{F6D48E78-BDF9-4941-A158-3D8550070D97}.Release|Any CPU.Build.0 = Release|x64
		{F6D48E78-BDF9-4941-A158-3D8550070D97}.Release|Any CPU.Deploy.0 = Release|x64
		{F6D48E78-BDF9-4941-A158-3D8550070D97}.Release|ARM.ActiveCfg = Release|ARM
		{F6D48E78-BDF9-4941-A158-3D8550070D97}.Release|ARM.Build.0 = Release|ARM
		{F6D48E78-BDF9-4941-A158-3D8550070D97}.Release|ARM.Deploy.0 = Release|ARM
		{F6D48E78-BDF9-4941-A158-3D8550070D97}.Release|ARM64.ActiveCfg = Release|ARM64
		{F6D48E78-BDF9-4941-A158-3D8550070D97}.Release|ARM64.Build.0 = Release|ARM64
		{F6D48E78-BDF9-4941-A158-3D8550070D97}.Release|ARM64.Deploy.0 = Release|ARM64
		{F6D48E78-BDF9-4941-A158-3D8550070D97}.Release|iPhone.ActiveCfg = Release|x64
		{F6D48E78-BDF9-4941-A158-3D8550070D97}.Release|iPhone.Build.0 = Release|x64
		{F6D48E78-BDF9-4941-A158-3D8550070D97}.Release|iPhone.Deploy.0 = Release|x64
		{F6D48E78-BDF9-4941-A158-3D8550070D97}.Release|iPhoneSimulator.ActiveCfg = Release|x64
		{F6D48E78-BDF9-4941-A158-3D8550070D97}.Release|iPhoneSimulator.Build.0 = Release|x64
		{F6D48E78-BDF9-4941-A158-3D8550070D97}.Release|iPhoneSimulator.Deploy.0 = Release|x64
		{F6D48E78-BDF9-4941-A158-3D8550070D97}.Release|x64.ActiveCfg = Release|x64
		{F6D48E78-BDF9-4941-A158-3D8550070D97}.Release|x64.Build.0 = Release|x64
		{F6D48E78-BDF9-4941-A158-3D8550070D97}.Release|x64.Deploy.0 = Release|x64
		{F6D48E78-BDF9-4941-A158-3D8550070D97}.Release|x86.ActiveCfg = Release|x86
		{F6D48E78-BDF9-4941-A158-3D8550070D97}.Release|x86.Build.0 = Release|x86
		{F6D48E78-BDF9-4941-A158-3D8550070D97}.Release|x86.Deploy.0 = Release|x86
		{98127D4F-3C2E-40BB-BFA2-B4973102A5F8}.Ad-Hoc|Any CPU.ActiveCfg = Debug|Any CPU
		{98127D4F-3C2E-40BB-BFA2-B4973102A5F8}.Ad-Hoc|Any CPU.Build.0 = Debug|Any CPU
		{98127D4F-3C2E-40BB-BFA2-B4973102A5F8}.Ad-Hoc|ARM.ActiveCfg = Debug|Any CPU
		{98127D4F-3C2E-40BB-BFA2-B4973102A5F8}.Ad-Hoc|ARM.Build.0 = Debug|Any CPU
		{98127D4F-3C2E-40BB-BFA2-B4973102A5F8}.Ad-Hoc|ARM64.ActiveCfg = Debug|Any CPU
		{98127D4F-3C2E-40BB-BFA2-B4973102A5F8}.Ad-Hoc|ARM64.Build.0 = Debug|Any CPU
		{98127D4F-3C2E-40BB-BFA2-B4973102A5F8}.Ad-Hoc|iPhone.ActiveCfg = Debug|Any CPU
		{98127D4F-3C2E-40BB-BFA2-B4973102A5F8}.Ad-Hoc|iPhone.Build.0 = Debug|Any CPU
		{98127D4F-3C2E-40BB-BFA2-B4973102A5F8}.Ad-Hoc|iPhoneSimulator.ActiveCfg = Debug|Any CPU
		{98127D4F-3C2E-40BB-BFA2-B4973102A5F8}.Ad-Hoc|iPhoneSimulator.Build.0 = Debug|Any CPU
		{98127D4F-3C2E-40BB-BFA2-B4973102A5F8}.Ad-Hoc|x64.ActiveCfg = Debug|Any CPU
		{98127D4F-3C2E-40BB-BFA2-B4973102A5F8}.Ad-Hoc|x64.Build.0 = Debug|Any CPU
		{98127D4F-3C2E-40BB-BFA2-B4973102A5F8}.Ad-Hoc|x86.ActiveCfg = Debug|Any CPU
		{98127D4F-3C2E-40BB-BFA2-B4973102A5F8}.Ad-Hoc|x86.Build.0 = Debug|Any CPU
		{98127D4F-3C2E-40BB-BFA2-B4973102A5F8}.AppStore|Any CPU.ActiveCfg = Debug|Any CPU
		{98127D4F-3C2E-40BB-BFA2-B4973102A5F8}.AppStore|Any CPU.Build.0 = Debug|Any CPU
		{98127D4F-3C2E-40BB-BFA2-B4973102A5F8}.AppStore|ARM.ActiveCfg = Debug|Any CPU
		{98127D4F-3C2E-40BB-BFA2-B4973102A5F8}.AppStore|ARM.Build.0 = Debug|Any CPU
		{98127D4F-3C2E-40BB-BFA2-B4973102A5F8}.AppStore|ARM64.ActiveCfg = Debug|Any CPU
		{98127D4F-3C2E-40BB-BFA2-B4973102A5F8}.AppStore|ARM64.Build.0 = Debug|Any CPU
		{98127D4F-3C2E-40BB-BFA2-B4973102A5F8}.AppStore|iPhone.ActiveCfg = Debug|Any CPU
		{98127D4F-3C2E-40BB-BFA2-B4973102A5F8}.AppStore|iPhone.Build.0 = Debug|Any CPU
		{98127D4F-3C2E-40BB-BFA2-B4973102A5F8}.AppStore|iPhoneSimulator.ActiveCfg = Debug|Any CPU
		{98127D4F-3C2E-40BB-BFA2-B4973102A5F8}.AppStore|iPhoneSimulator.Build.0 = Debug|Any CPU
		{98127D4F-3C2E-40BB-BFA2-B4973102A5F8}.AppStore|x64.ActiveCfg = Debug|Any CPU
		{98127D4F-3C2E-40BB-BFA2-B4973102A5F8}.AppStore|x64.Build.0 = Debug|Any CPU
		{98127D4F-3C2E-40BB-BFA2-B4973102A5F8}.AppStore|x86.ActiveCfg = Debug|Any CPU
		{98127D4F-3C2E-40BB-BFA2-B4973102A5F8}.AppStore|x86.Build.0 = Debug|Any CPU
		{98127D4F-3C2E-40BB-BFA2-B4973102A5F8}.Debug|Any CPU.ActiveCfg = Debug|Any CPU
		{98127D4F-3C2E-40BB-BFA2-B4973102A5F8}.Debug|Any CPU.Build.0 = Debug|Any CPU
		{98127D4F-3C2E-40BB-BFA2-B4973102A5F8}.Debug|ARM.ActiveCfg = Debug|Any CPU
		{98127D4F-3C2E-40BB-BFA2-B4973102A5F8}.Debug|ARM.Build.0 = Debug|Any CPU
		{98127D4F-3C2E-40BB-BFA2-B4973102A5F8}.Debug|ARM64.ActiveCfg = Debug|Any CPU
		{98127D4F-3C2E-40BB-BFA2-B4973102A5F8}.Debug|ARM64.Build.0 = Debug|Any CPU
		{98127D4F-3C2E-40BB-BFA2-B4973102A5F8}.Debug|iPhone.ActiveCfg = Debug|Any CPU
		{98127D4F-3C2E-40BB-BFA2-B4973102A5F8}.Debug|iPhone.Build.0 = Debug|Any CPU
		{98127D4F-3C2E-40BB-BFA2-B4973102A5F8}.Debug|iPhoneSimulator.ActiveCfg = Debug|Any CPU
		{98127D4F-3C2E-40BB-BFA2-B4973102A5F8}.Debug|iPhoneSimulator.Build.0 = Debug|Any CPU
		{98127D4F-3C2E-40BB-BFA2-B4973102A5F8}.Debug|x64.ActiveCfg = Debug|Any CPU
		{98127D4F-3C2E-40BB-BFA2-B4973102A5F8}.Debug|x64.Build.0 = Debug|Any CPU
		{98127D4F-3C2E-40BB-BFA2-B4973102A5F8}.Debug|x86.ActiveCfg = Debug|Any CPU
		{98127D4F-3C2E-40BB-BFA2-B4973102A5F8}.Debug|x86.Build.0 = Debug|Any CPU
		{98127D4F-3C2E-40BB-BFA2-B4973102A5F8}.Release|Any CPU.ActiveCfg = Release|Any CPU
		{98127D4F-3C2E-40BB-BFA2-B4973102A5F8}.Release|Any CPU.Build.0 = Release|Any CPU
		{98127D4F-3C2E-40BB-BFA2-B4973102A5F8}.Release|ARM.ActiveCfg = Release|Any CPU
		{98127D4F-3C2E-40BB-BFA2-B4973102A5F8}.Release|ARM.Build.0 = Release|Any CPU
		{98127D4F-3C2E-40BB-BFA2-B4973102A5F8}.Release|ARM64.ActiveCfg = Release|Any CPU
		{98127D4F-3C2E-40BB-BFA2-B4973102A5F8}.Release|ARM64.Build.0 = Release|Any CPU
		{98127D4F-3C2E-40BB-BFA2-B4973102A5F8}.Release|iPhone.ActiveCfg = Release|Any CPU
		{98127D4F-3C2E-40BB-BFA2-B4973102A5F8}.Release|iPhone.Build.0 = Release|Any CPU
		{98127D4F-3C2E-40BB-BFA2-B4973102A5F8}.Release|iPhoneSimulator.ActiveCfg = Release|Any CPU
		{98127D4F-3C2E-40BB-BFA2-B4973102A5F8}.Release|iPhoneSimulator.Build.0 = Release|Any CPU
		{98127D4F-3C2E-40BB-BFA2-B4973102A5F8}.Release|x64.ActiveCfg = Release|Any CPU
		{98127D4F-3C2E-40BB-BFA2-B4973102A5F8}.Release|x64.Build.0 = Release|Any CPU
		{98127D4F-3C2E-40BB-BFA2-B4973102A5F8}.Release|x86.ActiveCfg = Release|Any CPU
		{98127D4F-3C2E-40BB-BFA2-B4973102A5F8}.Release|x86.Build.0 = Release|Any CPU
		{A740CDBA-F014-4006-A29C-729859F4BDCA}.Ad-Hoc|Any CPU.ActiveCfg = Debug|iPhoneSimulator
		{A740CDBA-F014-4006-A29C-729859F4BDCA}.Ad-Hoc|Any CPU.Build.0 = Debug|iPhoneSimulator
		{A740CDBA-F014-4006-A29C-729859F4BDCA}.Ad-Hoc|ARM.ActiveCfg = Debug|iPhoneSimulator
		{A740CDBA-F014-4006-A29C-729859F4BDCA}.Ad-Hoc|ARM.Build.0 = Debug|iPhoneSimulator
		{A740CDBA-F014-4006-A29C-729859F4BDCA}.Ad-Hoc|ARM64.ActiveCfg = Debug|iPhoneSimulator
		{A740CDBA-F014-4006-A29C-729859F4BDCA}.Ad-Hoc|ARM64.Build.0 = Debug|iPhoneSimulator
		{A740CDBA-F014-4006-A29C-729859F4BDCA}.Ad-Hoc|iPhone.ActiveCfg = Debug|iPhoneSimulator
		{A740CDBA-F014-4006-A29C-729859F4BDCA}.Ad-Hoc|iPhone.Build.0 = Debug|iPhoneSimulator
		{A740CDBA-F014-4006-A29C-729859F4BDCA}.Ad-Hoc|iPhoneSimulator.ActiveCfg = Debug|iPhoneSimulator
		{A740CDBA-F014-4006-A29C-729859F4BDCA}.Ad-Hoc|iPhoneSimulator.Build.0 = Debug|iPhoneSimulator
		{A740CDBA-F014-4006-A29C-729859F4BDCA}.Ad-Hoc|x64.ActiveCfg = Debug|iPhoneSimulator
		{A740CDBA-F014-4006-A29C-729859F4BDCA}.Ad-Hoc|x64.Build.0 = Debug|iPhoneSimulator
		{A740CDBA-F014-4006-A29C-729859F4BDCA}.Ad-Hoc|x86.ActiveCfg = Debug|iPhoneSimulator
		{A740CDBA-F014-4006-A29C-729859F4BDCA}.Ad-Hoc|x86.Build.0 = Debug|iPhoneSimulator
		{A740CDBA-F014-4006-A29C-729859F4BDCA}.AppStore|Any CPU.ActiveCfg = Debug|iPhoneSimulator
		{A740CDBA-F014-4006-A29C-729859F4BDCA}.AppStore|Any CPU.Build.0 = Debug|iPhoneSimulator
		{A740CDBA-F014-4006-A29C-729859F4BDCA}.AppStore|ARM.ActiveCfg = Debug|iPhoneSimulator
		{A740CDBA-F014-4006-A29C-729859F4BDCA}.AppStore|ARM.Build.0 = Debug|iPhoneSimulator
		{A740CDBA-F014-4006-A29C-729859F4BDCA}.AppStore|ARM64.ActiveCfg = Debug|iPhoneSimulator
		{A740CDBA-F014-4006-A29C-729859F4BDCA}.AppStore|ARM64.Build.0 = Debug|iPhoneSimulator
		{A740CDBA-F014-4006-A29C-729859F4BDCA}.AppStore|iPhone.ActiveCfg = Debug|iPhoneSimulator
		{A740CDBA-F014-4006-A29C-729859F4BDCA}.AppStore|iPhone.Build.0 = Debug|iPhoneSimulator
		{A740CDBA-F014-4006-A29C-729859F4BDCA}.AppStore|iPhoneSimulator.ActiveCfg = Debug|iPhoneSimulator
		{A740CDBA-F014-4006-A29C-729859F4BDCA}.AppStore|iPhoneSimulator.Build.0 = Debug|iPhoneSimulator
		{A740CDBA-F014-4006-A29C-729859F4BDCA}.AppStore|x64.ActiveCfg = Debug|iPhoneSimulator
		{A740CDBA-F014-4006-A29C-729859F4BDCA}.AppStore|x64.Build.0 = Debug|iPhoneSimulator
		{A740CDBA-F014-4006-A29C-729859F4BDCA}.AppStore|x86.ActiveCfg = Debug|iPhoneSimulator
		{A740CDBA-F014-4006-A29C-729859F4BDCA}.AppStore|x86.Build.0 = Debug|iPhoneSimulator
		{A740CDBA-F014-4006-A29C-729859F4BDCA}.Debug|Any CPU.ActiveCfg = Debug|iPhoneSimulator
		{A740CDBA-F014-4006-A29C-729859F4BDCA}.Debug|Any CPU.Build.0 = Debug|iPhoneSimulator
		{A740CDBA-F014-4006-A29C-729859F4BDCA}.Debug|ARM.ActiveCfg = Debug|iPhoneSimulator
		{A740CDBA-F014-4006-A29C-729859F4BDCA}.Debug|ARM.Build.0 = Debug|iPhoneSimulator
		{A740CDBA-F014-4006-A29C-729859F4BDCA}.Debug|ARM64.ActiveCfg = Debug|iPhoneSimulator
		{A740CDBA-F014-4006-A29C-729859F4BDCA}.Debug|ARM64.Build.0 = Debug|iPhoneSimulator
		{A740CDBA-F014-4006-A29C-729859F4BDCA}.Debug|iPhone.ActiveCfg = Debug|iPhoneSimulator
		{A740CDBA-F014-4006-A29C-729859F4BDCA}.Debug|iPhone.Build.0 = Debug|iPhoneSimulator
		{A740CDBA-F014-4006-A29C-729859F4BDCA}.Debug|iPhoneSimulator.ActiveCfg = Debug|iPhoneSimulator
		{A740CDBA-F014-4006-A29C-729859F4BDCA}.Debug|iPhoneSimulator.Build.0 = Debug|iPhoneSimulator
		{A740CDBA-F014-4006-A29C-729859F4BDCA}.Debug|x64.ActiveCfg = Debug|iPhoneSimulator
		{A740CDBA-F014-4006-A29C-729859F4BDCA}.Debug|x64.Build.0 = Debug|iPhoneSimulator
		{A740CDBA-F014-4006-A29C-729859F4BDCA}.Debug|x86.ActiveCfg = Debug|iPhoneSimulator
		{A740CDBA-F014-4006-A29C-729859F4BDCA}.Debug|x86.Build.0 = Debug|iPhoneSimulator
		{A740CDBA-F014-4006-A29C-729859F4BDCA}.Release|Any CPU.ActiveCfg = Release|iPhoneSimulator
		{A740CDBA-F014-4006-A29C-729859F4BDCA}.Release|Any CPU.Build.0 = Release|iPhoneSimulator
		{A740CDBA-F014-4006-A29C-729859F4BDCA}.Release|ARM.ActiveCfg = Release|iPhoneSimulator
		{A740CDBA-F014-4006-A29C-729859F4BDCA}.Release|ARM.Build.0 = Release|iPhoneSimulator
		{A740CDBA-F014-4006-A29C-729859F4BDCA}.Release|ARM64.ActiveCfg = Release|iPhoneSimulator
		{A740CDBA-F014-4006-A29C-729859F4BDCA}.Release|ARM64.Build.0 = Release|iPhoneSimulator
		{A740CDBA-F014-4006-A29C-729859F4BDCA}.Release|iPhone.ActiveCfg = Release|iPhoneSimulator
		{A740CDBA-F014-4006-A29C-729859F4BDCA}.Release|iPhone.Build.0 = Release|iPhoneSimulator
		{A740CDBA-F014-4006-A29C-729859F4BDCA}.Release|iPhoneSimulator.ActiveCfg = Release|iPhoneSimulator
		{A740CDBA-F014-4006-A29C-729859F4BDCA}.Release|iPhoneSimulator.Build.0 = Release|iPhoneSimulator
		{A740CDBA-F014-4006-A29C-729859F4BDCA}.Release|x64.ActiveCfg = Release|iPhoneSimulator
		{A740CDBA-F014-4006-A29C-729859F4BDCA}.Release|x64.Build.0 = Release|iPhoneSimulator
		{A740CDBA-F014-4006-A29C-729859F4BDCA}.Release|x86.ActiveCfg = Release|iPhoneSimulator
		{A740CDBA-F014-4006-A29C-729859F4BDCA}.Release|x86.Build.0 = Release|iPhoneSimulator
		{E52393E1-ADAB-4955-B513-D5453548E331}.Ad-Hoc|Any CPU.ActiveCfg = Debug|Any CPU
		{E52393E1-ADAB-4955-B513-D5453548E331}.Ad-Hoc|Any CPU.Build.0 = Debug|Any CPU
		{E52393E1-ADAB-4955-B513-D5453548E331}.Ad-Hoc|ARM.ActiveCfg = Debug|Any CPU
		{E52393E1-ADAB-4955-B513-D5453548E331}.Ad-Hoc|ARM.Build.0 = Debug|Any CPU
		{E52393E1-ADAB-4955-B513-D5453548E331}.Ad-Hoc|ARM64.ActiveCfg = Debug|Any CPU
		{E52393E1-ADAB-4955-B513-D5453548E331}.Ad-Hoc|ARM64.Build.0 = Debug|Any CPU
		{E52393E1-ADAB-4955-B513-D5453548E331}.Ad-Hoc|iPhone.ActiveCfg = Debug|Any CPU
		{E52393E1-ADAB-4955-B513-D5453548E331}.Ad-Hoc|iPhone.Build.0 = Debug|Any CPU
		{E52393E1-ADAB-4955-B513-D5453548E331}.Ad-Hoc|iPhoneSimulator.ActiveCfg = Debug|Any CPU
		{E52393E1-ADAB-4955-B513-D5453548E331}.Ad-Hoc|iPhoneSimulator.Build.0 = Debug|Any CPU
		{E52393E1-ADAB-4955-B513-D5453548E331}.Ad-Hoc|x64.ActiveCfg = Debug|Any CPU
		{E52393E1-ADAB-4955-B513-D5453548E331}.Ad-Hoc|x64.Build.0 = Debug|Any CPU
		{E52393E1-ADAB-4955-B513-D5453548E331}.Ad-Hoc|x86.ActiveCfg = Debug|Any CPU
		{E52393E1-ADAB-4955-B513-D5453548E331}.Ad-Hoc|x86.Build.0 = Debug|Any CPU
		{E52393E1-ADAB-4955-B513-D5453548E331}.AppStore|Any CPU.ActiveCfg = Debug|Any CPU
		{E52393E1-ADAB-4955-B513-D5453548E331}.AppStore|Any CPU.Build.0 = Debug|Any CPU
		{E52393E1-ADAB-4955-B513-D5453548E331}.AppStore|ARM.ActiveCfg = Debug|Any CPU
		{E52393E1-ADAB-4955-B513-D5453548E331}.AppStore|ARM.Build.0 = Debug|Any CPU
		{E52393E1-ADAB-4955-B513-D5453548E331}.AppStore|ARM64.ActiveCfg = Debug|Any CPU
		{E52393E1-ADAB-4955-B513-D5453548E331}.AppStore|ARM64.Build.0 = Debug|Any CPU
		{E52393E1-ADAB-4955-B513-D5453548E331}.AppStore|iPhone.ActiveCfg = Debug|Any CPU
		{E52393E1-ADAB-4955-B513-D5453548E331}.AppStore|iPhone.Build.0 = Debug|Any CPU
		{E52393E1-ADAB-4955-B513-D5453548E331}.AppStore|iPhoneSimulator.ActiveCfg = Debug|Any CPU
		{E52393E1-ADAB-4955-B513-D5453548E331}.AppStore|iPhoneSimulator.Build.0 = Debug|Any CPU
		{E52393E1-ADAB-4955-B513-D5453548E331}.AppStore|x64.ActiveCfg = Debug|Any CPU
		{E52393E1-ADAB-4955-B513-D5453548E331}.AppStore|x64.Build.0 = Debug|Any CPU
		{E52393E1-ADAB-4955-B513-D5453548E331}.AppStore|x86.ActiveCfg = Debug|Any CPU
		{E52393E1-ADAB-4955-B513-D5453548E331}.AppStore|x86.Build.0 = Debug|Any CPU
		{E52393E1-ADAB-4955-B513-D5453548E331}.Debug|Any CPU.ActiveCfg = Debug|Any CPU
		{E52393E1-ADAB-4955-B513-D5453548E331}.Debug|Any CPU.Build.0 = Debug|Any CPU
		{E52393E1-ADAB-4955-B513-D5453548E331}.Debug|ARM.ActiveCfg = Debug|Any CPU
		{E52393E1-ADAB-4955-B513-D5453548E331}.Debug|ARM.Build.0 = Debug|Any CPU
		{E52393E1-ADAB-4955-B513-D5453548E331}.Debug|ARM64.ActiveCfg = Debug|Any CPU
		{E52393E1-ADAB-4955-B513-D5453548E331}.Debug|ARM64.Build.0 = Debug|Any CPU
		{E52393E1-ADAB-4955-B513-D5453548E331}.Debug|iPhone.ActiveCfg = Debug|Any CPU
		{E52393E1-ADAB-4955-B513-D5453548E331}.Debug|iPhone.Build.0 = Debug|Any CPU
		{E52393E1-ADAB-4955-B513-D5453548E331}.Debug|iPhoneSimulator.ActiveCfg = Debug|Any CPU
		{E52393E1-ADAB-4955-B513-D5453548E331}.Debug|iPhoneSimulator.Build.0 = Debug|Any CPU
		{E52393E1-ADAB-4955-B513-D5453548E331}.Debug|x64.ActiveCfg = Debug|Any CPU
		{E52393E1-ADAB-4955-B513-D5453548E331}.Debug|x64.Build.0 = Debug|Any CPU
		{E52393E1-ADAB-4955-B513-D5453548E331}.Debug|x86.ActiveCfg = Debug|Any CPU
		{E52393E1-ADAB-4955-B513-D5453548E331}.Debug|x86.Build.0 = Debug|Any CPU
		{E52393E1-ADAB-4955-B513-D5453548E331}.Release|Any CPU.ActiveCfg = Release|Any CPU
		{E52393E1-ADAB-4955-B513-D5453548E331}.Release|Any CPU.Build.0 = Release|Any CPU
		{E52393E1-ADAB-4955-B513-D5453548E331}.Release|ARM.ActiveCfg = Release|Any CPU
		{E52393E1-ADAB-4955-B513-D5453548E331}.Release|ARM.Build.0 = Release|Any CPU
		{E52393E1-ADAB-4955-B513-D5453548E331}.Release|ARM64.ActiveCfg = Release|Any CPU
		{E52393E1-ADAB-4955-B513-D5453548E331}.Release|ARM64.Build.0 = Release|Any CPU
		{E52393E1-ADAB-4955-B513-D5453548E331}.Release|iPhone.ActiveCfg = Release|Any CPU
		{E52393E1-ADAB-4955-B513-D5453548E331}.Release|iPhone.Build.0 = Release|Any CPU
		{E52393E1-ADAB-4955-B513-D5453548E331}.Release|iPhoneSimulator.ActiveCfg = Release|Any CPU
		{E52393E1-ADAB-4955-B513-D5453548E331}.Release|iPhoneSimulator.Build.0 = Release|Any CPU
		{E52393E1-ADAB-4955-B513-D5453548E331}.Release|x64.ActiveCfg = Release|Any CPU
		{E52393E1-ADAB-4955-B513-D5453548E331}.Release|x64.Build.0 = Release|Any CPU
		{E52393E1-ADAB-4955-B513-D5453548E331}.Release|x86.ActiveCfg = Release|Any CPU
		{E52393E1-ADAB-4955-B513-D5453548E331}.Release|x86.Build.0 = Release|Any CPU
		{76CC440E-97BA-4448-BCFB-4B960A06AD38}.Ad-Hoc|Any CPU.ActiveCfg = Debug|Any CPU
		{76CC440E-97BA-4448-BCFB-4B960A06AD38}.Ad-Hoc|Any CPU.Build.0 = Debug|Any CPU
		{76CC440E-97BA-4448-BCFB-4B960A06AD38}.Ad-Hoc|ARM.ActiveCfg = Debug|Any CPU
		{76CC440E-97BA-4448-BCFB-4B960A06AD38}.Ad-Hoc|ARM.Build.0 = Debug|Any CPU
		{76CC440E-97BA-4448-BCFB-4B960A06AD38}.Ad-Hoc|ARM64.ActiveCfg = Debug|Any CPU
		{76CC440E-97BA-4448-BCFB-4B960A06AD38}.Ad-Hoc|ARM64.Build.0 = Debug|Any CPU
		{76CC440E-97BA-4448-BCFB-4B960A06AD38}.Ad-Hoc|iPhone.ActiveCfg = Debug|Any CPU
		{76CC440E-97BA-4448-BCFB-4B960A06AD38}.Ad-Hoc|iPhone.Build.0 = Debug|Any CPU
		{76CC440E-97BA-4448-BCFB-4B960A06AD38}.Ad-Hoc|iPhoneSimulator.ActiveCfg = Debug|Any CPU
		{76CC440E-97BA-4448-BCFB-4B960A06AD38}.Ad-Hoc|iPhoneSimulator.Build.0 = Debug|Any CPU
		{76CC440E-97BA-4448-BCFB-4B960A06AD38}.Ad-Hoc|x64.ActiveCfg = Debug|Any CPU
		{76CC440E-97BA-4448-BCFB-4B960A06AD38}.Ad-Hoc|x64.Build.0 = Debug|Any CPU
		{76CC440E-97BA-4448-BCFB-4B960A06AD38}.Ad-Hoc|x86.ActiveCfg = Debug|Any CPU
		{76CC440E-97BA-4448-BCFB-4B960A06AD38}.Ad-Hoc|x86.Build.0 = Debug|Any CPU
		{76CC440E-97BA-4448-BCFB-4B960A06AD38}.AppStore|Any CPU.ActiveCfg = Debug|Any CPU
		{76CC440E-97BA-4448-BCFB-4B960A06AD38}.AppStore|Any CPU.Build.0 = Debug|Any CPU
		{76CC440E-97BA-4448-BCFB-4B960A06AD38}.AppStore|ARM.ActiveCfg = Debug|Any CPU
		{76CC440E-97BA-4448-BCFB-4B960A06AD38}.AppStore|ARM.Build.0 = Debug|Any CPU
		{76CC440E-97BA-4448-BCFB-4B960A06AD38}.AppStore|ARM64.ActiveCfg = Debug|Any CPU
		{76CC440E-97BA-4448-BCFB-4B960A06AD38}.AppStore|ARM64.Build.0 = Debug|Any CPU
		{76CC440E-97BA-4448-BCFB-4B960A06AD38}.AppStore|iPhone.ActiveCfg = Debug|Any CPU
		{76CC440E-97BA-4448-BCFB-4B960A06AD38}.AppStore|iPhone.Build.0 = Debug|Any CPU
		{76CC440E-97BA-4448-BCFB-4B960A06AD38}.AppStore|iPhoneSimulator.ActiveCfg = Debug|Any CPU
		{76CC440E-97BA-4448-BCFB-4B960A06AD38}.AppStore|iPhoneSimulator.Build.0 = Debug|Any CPU
		{76CC440E-97BA-4448-BCFB-4B960A06AD38}.AppStore|x64.ActiveCfg = Debug|Any CPU
		{76CC440E-97BA-4448-BCFB-4B960A06AD38}.AppStore|x64.Build.0 = Debug|Any CPU
		{76CC440E-97BA-4448-BCFB-4B960A06AD38}.AppStore|x86.ActiveCfg = Debug|Any CPU
		{76CC440E-97BA-4448-BCFB-4B960A06AD38}.AppStore|x86.Build.0 = Debug|Any CPU
		{76CC440E-97BA-4448-BCFB-4B960A06AD38}.Debug|Any CPU.ActiveCfg = Debug|Any CPU
		{76CC440E-97BA-4448-BCFB-4B960A06AD38}.Debug|Any CPU.Build.0 = Debug|Any CPU
		{76CC440E-97BA-4448-BCFB-4B960A06AD38}.Debug|ARM.ActiveCfg = Debug|Any CPU
		{76CC440E-97BA-4448-BCFB-4B960A06AD38}.Debug|ARM.Build.0 = Debug|Any CPU
		{76CC440E-97BA-4448-BCFB-4B960A06AD38}.Debug|ARM64.ActiveCfg = Debug|Any CPU
		{76CC440E-97BA-4448-BCFB-4B960A06AD38}.Debug|ARM64.Build.0 = Debug|Any CPU
		{76CC440E-97BA-4448-BCFB-4B960A06AD38}.Debug|iPhone.ActiveCfg = Debug|Any CPU
		{76CC440E-97BA-4448-BCFB-4B960A06AD38}.Debug|iPhone.Build.0 = Debug|Any CPU
		{76CC440E-97BA-4448-BCFB-4B960A06AD38}.Debug|iPhoneSimulator.ActiveCfg = Debug|Any CPU
		{76CC440E-97BA-4448-BCFB-4B960A06AD38}.Debug|iPhoneSimulator.Build.0 = Debug|Any CPU
		{76CC440E-97BA-4448-BCFB-4B960A06AD38}.Debug|x64.ActiveCfg = Debug|Any CPU
		{76CC440E-97BA-4448-BCFB-4B960A06AD38}.Debug|x64.Build.0 = Debug|Any CPU
		{76CC440E-97BA-4448-BCFB-4B960A06AD38}.Debug|x86.ActiveCfg = Debug|Any CPU
		{76CC440E-97BA-4448-BCFB-4B960A06AD38}.Debug|x86.Build.0 = Debug|Any CPU
		{76CC440E-97BA-4448-BCFB-4B960A06AD38}.Release|Any CPU.ActiveCfg = Release|Any CPU
		{76CC440E-97BA-4448-BCFB-4B960A06AD38}.Release|Any CPU.Build.0 = Release|Any CPU
		{76CC440E-97BA-4448-BCFB-4B960A06AD38}.Release|ARM.ActiveCfg = Release|Any CPU
		{76CC440E-97BA-4448-BCFB-4B960A06AD38}.Release|ARM.Build.0 = Release|Any CPU
		{76CC440E-97BA-4448-BCFB-4B960A06AD38}.Release|ARM64.ActiveCfg = Release|Any CPU
		{76CC440E-97BA-4448-BCFB-4B960A06AD38}.Release|ARM64.Build.0 = Release|Any CPU
		{76CC440E-97BA-4448-BCFB-4B960A06AD38}.Release|iPhone.ActiveCfg = Release|Any CPU
		{76CC440E-97BA-4448-BCFB-4B960A06AD38}.Release|iPhone.Build.0 = Release|Any CPU
		{76CC440E-97BA-4448-BCFB-4B960A06AD38}.Release|iPhoneSimulator.ActiveCfg = Release|Any CPU
		{76CC440E-97BA-4448-BCFB-4B960A06AD38}.Release|iPhoneSimulator.Build.0 = Release|Any CPU
		{76CC440E-97BA-4448-BCFB-4B960A06AD38}.Release|x64.ActiveCfg = Release|Any CPU
		{76CC440E-97BA-4448-BCFB-4B960A06AD38}.Release|x64.Build.0 = Release|Any CPU
		{76CC440E-97BA-4448-BCFB-4B960A06AD38}.Release|x86.ActiveCfg = Release|Any CPU
		{76CC440E-97BA-4448-BCFB-4B960A06AD38}.Release|x86.Build.0 = Release|Any CPU
		{B1E7F344-208B-4D4D-A7D5-A4ED119CEEDC}.Ad-Hoc|Any CPU.ActiveCfg = Debug|Any CPU
		{B1E7F344-208B-4D4D-A7D5-A4ED119CEEDC}.Ad-Hoc|Any CPU.Build.0 = Debug|Any CPU
		{B1E7F344-208B-4D4D-A7D5-A4ED119CEEDC}.Ad-Hoc|ARM.ActiveCfg = Debug|Any CPU
		{B1E7F344-208B-4D4D-A7D5-A4ED119CEEDC}.Ad-Hoc|ARM.Build.0 = Debug|Any CPU
		{B1E7F344-208B-4D4D-A7D5-A4ED119CEEDC}.Ad-Hoc|ARM64.ActiveCfg = Debug|Any CPU
		{B1E7F344-208B-4D4D-A7D5-A4ED119CEEDC}.Ad-Hoc|ARM64.Build.0 = Debug|Any CPU
		{B1E7F344-208B-4D4D-A7D5-A4ED119CEEDC}.Ad-Hoc|iPhone.ActiveCfg = Debug|Any CPU
		{B1E7F344-208B-4D4D-A7D5-A4ED119CEEDC}.Ad-Hoc|iPhone.Build.0 = Debug|Any CPU
		{B1E7F344-208B-4D4D-A7D5-A4ED119CEEDC}.Ad-Hoc|iPhoneSimulator.ActiveCfg = Debug|Any CPU
		{B1E7F344-208B-4D4D-A7D5-A4ED119CEEDC}.Ad-Hoc|iPhoneSimulator.Build.0 = Debug|Any CPU
		{B1E7F344-208B-4D4D-A7D5-A4ED119CEEDC}.Ad-Hoc|x64.ActiveCfg = Debug|Any CPU
		{B1E7F344-208B-4D4D-A7D5-A4ED119CEEDC}.Ad-Hoc|x64.Build.0 = Debug|Any CPU
		{B1E7F344-208B-4D4D-A7D5-A4ED119CEEDC}.Ad-Hoc|x86.ActiveCfg = Debug|Any CPU
		{B1E7F344-208B-4D4D-A7D5-A4ED119CEEDC}.Ad-Hoc|x86.Build.0 = Debug|Any CPU
		{B1E7F344-208B-4D4D-A7D5-A4ED119CEEDC}.AppStore|Any CPU.ActiveCfg = Debug|Any CPU
		{B1E7F344-208B-4D4D-A7D5-A4ED119CEEDC}.AppStore|Any CPU.Build.0 = Debug|Any CPU
		{B1E7F344-208B-4D4D-A7D5-A4ED119CEEDC}.AppStore|ARM.ActiveCfg = Debug|Any CPU
		{B1E7F344-208B-4D4D-A7D5-A4ED119CEEDC}.AppStore|ARM.Build.0 = Debug|Any CPU
		{B1E7F344-208B-4D4D-A7D5-A4ED119CEEDC}.AppStore|ARM64.ActiveCfg = Debug|Any CPU
		{B1E7F344-208B-4D4D-A7D5-A4ED119CEEDC}.AppStore|ARM64.Build.0 = Debug|Any CPU
		{B1E7F344-208B-4D4D-A7D5-A4ED119CEEDC}.AppStore|iPhone.ActiveCfg = Debug|Any CPU
		{B1E7F344-208B-4D4D-A7D5-A4ED119CEEDC}.AppStore|iPhone.Build.0 = Debug|Any CPU
		{B1E7F344-208B-4D4D-A7D5-A4ED119CEEDC}.AppStore|iPhoneSimulator.ActiveCfg = Debug|Any CPU
		{B1E7F344-208B-4D4D-A7D5-A4ED119CEEDC}.AppStore|iPhoneSimulator.Build.0 = Debug|Any CPU
		{B1E7F344-208B-4D4D-A7D5-A4ED119CEEDC}.AppStore|x64.ActiveCfg = Debug|Any CPU
		{B1E7F344-208B-4D4D-A7D5-A4ED119CEEDC}.AppStore|x64.Build.0 = Debug|Any CPU
		{B1E7F344-208B-4D4D-A7D5-A4ED119CEEDC}.AppStore|x86.ActiveCfg = Debug|Any CPU
		{B1E7F344-208B-4D4D-A7D5-A4ED119CEEDC}.AppStore|x86.Build.0 = Debug|Any CPU
		{B1E7F344-208B-4D4D-A7D5-A4ED119CEEDC}.Debug|Any CPU.ActiveCfg = Debug|Any CPU
		{B1E7F344-208B-4D4D-A7D5-A4ED119CEEDC}.Debug|Any CPU.Build.0 = Debug|Any CPU
		{B1E7F344-208B-4D4D-A7D5-A4ED119CEEDC}.Debug|ARM.ActiveCfg = Debug|Any CPU
		{B1E7F344-208B-4D4D-A7D5-A4ED119CEEDC}.Debug|ARM.Build.0 = Debug|Any CPU
		{B1E7F344-208B-4D4D-A7D5-A4ED119CEEDC}.Debug|ARM64.ActiveCfg = Debug|Any CPU
		{B1E7F344-208B-4D4D-A7D5-A4ED119CEEDC}.Debug|ARM64.Build.0 = Debug|Any CPU
		{B1E7F344-208B-4D4D-A7D5-A4ED119CEEDC}.Debug|iPhone.ActiveCfg = Debug|Any CPU
		{B1E7F344-208B-4D4D-A7D5-A4ED119CEEDC}.Debug|iPhone.Build.0 = Debug|Any CPU
		{B1E7F344-208B-4D4D-A7D5-A4ED119CEEDC}.Debug|iPhoneSimulator.ActiveCfg = Debug|Any CPU
		{B1E7F344-208B-4D4D-A7D5-A4ED119CEEDC}.Debug|iPhoneSimulator.Build.0 = Debug|Any CPU
		{B1E7F344-208B-4D4D-A7D5-A4ED119CEEDC}.Debug|x64.ActiveCfg = Debug|Any CPU
		{B1E7F344-208B-4D4D-A7D5-A4ED119CEEDC}.Debug|x64.Build.0 = Debug|Any CPU
		{B1E7F344-208B-4D4D-A7D5-A4ED119CEEDC}.Debug|x86.ActiveCfg = Debug|Any CPU
		{B1E7F344-208B-4D4D-A7D5-A4ED119CEEDC}.Debug|x86.Build.0 = Debug|Any CPU
		{B1E7F344-208B-4D4D-A7D5-A4ED119CEEDC}.Release|Any CPU.ActiveCfg = Release|Any CPU
		{B1E7F344-208B-4D4D-A7D5-A4ED119CEEDC}.Release|Any CPU.Build.0 = Release|Any CPU
		{B1E7F344-208B-4D4D-A7D5-A4ED119CEEDC}.Release|ARM.ActiveCfg = Release|Any CPU
		{B1E7F344-208B-4D4D-A7D5-A4ED119CEEDC}.Release|ARM.Build.0 = Release|Any CPU
		{B1E7F344-208B-4D4D-A7D5-A4ED119CEEDC}.Release|ARM64.ActiveCfg = Release|Any CPU
		{B1E7F344-208B-4D4D-A7D5-A4ED119CEEDC}.Release|ARM64.Build.0 = Release|Any CPU
		{B1E7F344-208B-4D4D-A7D5-A4ED119CEEDC}.Release|iPhone.ActiveCfg = Release|Any CPU
		{B1E7F344-208B-4D4D-A7D5-A4ED119CEEDC}.Release|iPhone.Build.0 = Release|Any CPU
		{B1E7F344-208B-4D4D-A7D5-A4ED119CEEDC}.Release|iPhoneSimulator.ActiveCfg = Release|Any CPU
		{B1E7F344-208B-4D4D-A7D5-A4ED119CEEDC}.Release|iPhoneSimulator.Build.0 = Release|Any CPU
		{B1E7F344-208B-4D4D-A7D5-A4ED119CEEDC}.Release|x64.ActiveCfg = Release|Any CPU
		{B1E7F344-208B-4D4D-A7D5-A4ED119CEEDC}.Release|x64.Build.0 = Release|Any CPU
		{B1E7F344-208B-4D4D-A7D5-A4ED119CEEDC}.Release|x86.ActiveCfg = Release|Any CPU
		{B1E7F344-208B-4D4D-A7D5-A4ED119CEEDC}.Release|x86.Build.0 = Release|Any CPU
		{631CF3A2-8858-4F54-9B1E-8D37A2D92EAF}.Ad-Hoc|Any CPU.ActiveCfg = Debug|Any CPU
		{631CF3A2-8858-4F54-9B1E-8D37A2D92EAF}.Ad-Hoc|Any CPU.Build.0 = Debug|Any CPU
		{631CF3A2-8858-4F54-9B1E-8D37A2D92EAF}.Ad-Hoc|ARM.ActiveCfg = Debug|Any CPU
		{631CF3A2-8858-4F54-9B1E-8D37A2D92EAF}.Ad-Hoc|ARM.Build.0 = Debug|Any CPU
		{631CF3A2-8858-4F54-9B1E-8D37A2D92EAF}.Ad-Hoc|ARM64.ActiveCfg = Debug|Any CPU
		{631CF3A2-8858-4F54-9B1E-8D37A2D92EAF}.Ad-Hoc|ARM64.Build.0 = Debug|Any CPU
		{631CF3A2-8858-4F54-9B1E-8D37A2D92EAF}.Ad-Hoc|iPhone.ActiveCfg = Debug|Any CPU
		{631CF3A2-8858-4F54-9B1E-8D37A2D92EAF}.Ad-Hoc|iPhone.Build.0 = Debug|Any CPU
		{631CF3A2-8858-4F54-9B1E-8D37A2D92EAF}.Ad-Hoc|iPhoneSimulator.ActiveCfg = Debug|Any CPU
		{631CF3A2-8858-4F54-9B1E-8D37A2D92EAF}.Ad-Hoc|iPhoneSimulator.Build.0 = Debug|Any CPU
		{631CF3A2-8858-4F54-9B1E-8D37A2D92EAF}.Ad-Hoc|x64.ActiveCfg = Debug|Any CPU
		{631CF3A2-8858-4F54-9B1E-8D37A2D92EAF}.Ad-Hoc|x64.Build.0 = Debug|Any CPU
		{631CF3A2-8858-4F54-9B1E-8D37A2D92EAF}.Ad-Hoc|x86.ActiveCfg = Debug|Any CPU
		{631CF3A2-8858-4F54-9B1E-8D37A2D92EAF}.Ad-Hoc|x86.Build.0 = Debug|Any CPU
		{631CF3A2-8858-4F54-9B1E-8D37A2D92EAF}.AppStore|Any CPU.ActiveCfg = Debug|Any CPU
		{631CF3A2-8858-4F54-9B1E-8D37A2D92EAF}.AppStore|Any CPU.Build.0 = Debug|Any CPU
		{631CF3A2-8858-4F54-9B1E-8D37A2D92EAF}.AppStore|ARM.ActiveCfg = Debug|Any CPU
		{631CF3A2-8858-4F54-9B1E-8D37A2D92EAF}.AppStore|ARM.Build.0 = Debug|Any CPU
		{631CF3A2-8858-4F54-9B1E-8D37A2D92EAF}.AppStore|ARM64.ActiveCfg = Debug|Any CPU
		{631CF3A2-8858-4F54-9B1E-8D37A2D92EAF}.AppStore|ARM64.Build.0 = Debug|Any CPU
		{631CF3A2-8858-4F54-9B1E-8D37A2D92EAF}.AppStore|iPhone.ActiveCfg = Debug|Any CPU
		{631CF3A2-8858-4F54-9B1E-8D37A2D92EAF}.AppStore|iPhone.Build.0 = Debug|Any CPU
		{631CF3A2-8858-4F54-9B1E-8D37A2D92EAF}.AppStore|iPhoneSimulator.ActiveCfg = Debug|Any CPU
		{631CF3A2-8858-4F54-9B1E-8D37A2D92EAF}.AppStore|iPhoneSimulator.Build.0 = Debug|Any CPU
		{631CF3A2-8858-4F54-9B1E-8D37A2D92EAF}.AppStore|x64.ActiveCfg = Debug|Any CPU
		{631CF3A2-8858-4F54-9B1E-8D37A2D92EAF}.AppStore|x64.Build.0 = Debug|Any CPU
		{631CF3A2-8858-4F54-9B1E-8D37A2D92EAF}.AppStore|x86.ActiveCfg = Debug|Any CPU
		{631CF3A2-8858-4F54-9B1E-8D37A2D92EAF}.AppStore|x86.Build.0 = Debug|Any CPU
		{631CF3A2-8858-4F54-9B1E-8D37A2D92EAF}.Debug|Any CPU.ActiveCfg = Debug|Any CPU
		{631CF3A2-8858-4F54-9B1E-8D37A2D92EAF}.Debug|Any CPU.Build.0 = Debug|Any CPU
		{631CF3A2-8858-4F54-9B1E-8D37A2D92EAF}.Debug|ARM.ActiveCfg = Debug|Any CPU
		{631CF3A2-8858-4F54-9B1E-8D37A2D92EAF}.Debug|ARM.Build.0 = Debug|Any CPU
		{631CF3A2-8858-4F54-9B1E-8D37A2D92EAF}.Debug|ARM64.ActiveCfg = Debug|Any CPU
		{631CF3A2-8858-4F54-9B1E-8D37A2D92EAF}.Debug|ARM64.Build.0 = Debug|Any CPU
		{631CF3A2-8858-4F54-9B1E-8D37A2D92EAF}.Debug|iPhone.ActiveCfg = Debug|Any CPU
		{631CF3A2-8858-4F54-9B1E-8D37A2D92EAF}.Debug|iPhone.Build.0 = Debug|Any CPU
		{631CF3A2-8858-4F54-9B1E-8D37A2D92EAF}.Debug|iPhoneSimulator.ActiveCfg = Debug|Any CPU
		{631CF3A2-8858-4F54-9B1E-8D37A2D92EAF}.Debug|iPhoneSimulator.Build.0 = Debug|Any CPU
		{631CF3A2-8858-4F54-9B1E-8D37A2D92EAF}.Debug|x64.ActiveCfg = Debug|Any CPU
		{631CF3A2-8858-4F54-9B1E-8D37A2D92EAF}.Debug|x64.Build.0 = Debug|Any CPU
		{631CF3A2-8858-4F54-9B1E-8D37A2D92EAF}.Debug|x86.ActiveCfg = Debug|Any CPU
		{631CF3A2-8858-4F54-9B1E-8D37A2D92EAF}.Debug|x86.Build.0 = Debug|Any CPU
		{631CF3A2-8858-4F54-9B1E-8D37A2D92EAF}.Release|Any CPU.ActiveCfg = Release|Any CPU
		{631CF3A2-8858-4F54-9B1E-8D37A2D92EAF}.Release|Any CPU.Build.0 = Release|Any CPU
		{631CF3A2-8858-4F54-9B1E-8D37A2D92EAF}.Release|ARM.ActiveCfg = Release|Any CPU
		{631CF3A2-8858-4F54-9B1E-8D37A2D92EAF}.Release|ARM.Build.0 = Release|Any CPU
		{631CF3A2-8858-4F54-9B1E-8D37A2D92EAF}.Release|ARM64.ActiveCfg = Release|Any CPU
		{631CF3A2-8858-4F54-9B1E-8D37A2D92EAF}.Release|ARM64.Build.0 = Release|Any CPU
		{631CF3A2-8858-4F54-9B1E-8D37A2D92EAF}.Release|iPhone.ActiveCfg = Release|Any CPU
		{631CF3A2-8858-4F54-9B1E-8D37A2D92EAF}.Release|iPhone.Build.0 = Release|Any CPU
		{631CF3A2-8858-4F54-9B1E-8D37A2D92EAF}.Release|iPhoneSimulator.ActiveCfg = Release|Any CPU
		{631CF3A2-8858-4F54-9B1E-8D37A2D92EAF}.Release|iPhoneSimulator.Build.0 = Release|Any CPU
		{631CF3A2-8858-4F54-9B1E-8D37A2D92EAF}.Release|x64.ActiveCfg = Release|Any CPU
		{631CF3A2-8858-4F54-9B1E-8D37A2D92EAF}.Release|x64.Build.0 = Release|Any CPU
		{631CF3A2-8858-4F54-9B1E-8D37A2D92EAF}.Release|x86.ActiveCfg = Release|Any CPU
		{631CF3A2-8858-4F54-9B1E-8D37A2D92EAF}.Release|x86.Build.0 = Release|Any CPU
	EndGlobalSection
	GlobalSection(SolutionProperties) = preSolution
		HideSolutionNode = FALSE
	EndGlobalSection
	GlobalSection(NestedProjects) = preSolution
		{48FCBAC3-7B7E-40D6-AD04-E36837CEAE88} = {B16AC51D-7C89-4EC2-B131-BBAC326C5A10}
		{717902A2-5A8D-413B-BED8-1EA4702D349F} = {B16AC51D-7C89-4EC2-B131-BBAC326C5A10}
		{F6D48E78-BDF9-4941-A158-3D8550070D97} = {B16AC51D-7C89-4EC2-B131-BBAC326C5A10}
		{98127D4F-3C2E-40BB-BFA2-B4973102A5F8} = {B16AC51D-7C89-4EC2-B131-BBAC326C5A10}
		{A740CDBA-F014-4006-A29C-729859F4BDCA} = {B16AC51D-7C89-4EC2-B131-BBAC326C5A10}
		{E52393E1-ADAB-4955-B513-D5453548E331} = {B16AC51D-7C89-4EC2-B131-BBAC326C5A10}
		{76CC440E-97BA-4448-BCFB-4B960A06AD38} = {B16AC51D-7C89-4EC2-B131-BBAC326C5A10}
		{B1E7F344-208B-4D4D-A7D5-A4ED119CEEDC} = {B16AC51D-7C89-4EC2-B131-BBAC326C5A10}
		{631CF3A2-8858-4F54-9B1E-8D37A2D92EAF} = {B16AC51D-7C89-4EC2-B131-BBAC326C5A10}
	EndGlobalSection
	GlobalSection(ExtensibilityGlobals) = postSolution
		SolutionGuid = {E1D6D196-8A2F-4506-AB31-55508F81B3D8}
	EndGlobalSection
	GlobalSection(SharedMSBuildProjectFiles) = preSolution
		CodeHashifier.Uno\CodeHashifier.Uno.Shared\CodeHashifier.Uno.Shared.projitems*{48fcbac3-7b7e-40d6-ad04-e36837ceae88}*SharedItemsImports = 4
		CodeHashifier.Uno\CodeHashifier.Uno.Shared\CodeHashifier.Uno.Shared.projitems*{6279c845-92f8-4333-ab99-3d213163593c}*SharedItemsImports = 13
		CodeHashifier.Uno\CodeHashifier.Uno.Shared\CodeHashifier.Uno.Shared.projitems*{631cf3a2-8858-4f54-9b1e-8d37a2d92eaf}*SharedItemsImports = 5
		CodeHashifier.Uno\CodeHashifier.Uno.Shared\CodeHashifier.Uno.Shared.projitems*{717902a2-5a8d-413b-bed8-1ea4702d349f}*SharedItemsImports = 4
		CodeHashifier.Uno\CodeHashifier.Uno.Shared\CodeHashifier.Uno.Shared.projitems*{76cc440e-97ba-4448-bcfb-4b960a06ad38}*SharedItemsImports = 5
		CodeHashifier.Uno\CodeHashifier.Uno.Shared\CodeHashifier.Uno.Shared.projitems*{98127d4f-3c2e-40bb-bfa2-b4973102a5f8}*SharedItemsImports = 5
		CodeHashifier.Uno\CodeHashifier.Uno.Shared\CodeHashifier.Uno.Shared.projitems*{a740cdba-f014-4006-a29c-729859f4bdca}*SharedItemsImports = 4
		CodeHashifier.Uno\CodeHashifier.Uno.Shared\CodeHashifier.Uno.Shared.projitems*{b1e7f344-208b-4d4d-a7d5-a4ed119ceedc}*SharedItemsImports = 5
		CodeHashifier.Uno\CodeHashifier.Uno.Shared\CodeHashifier.Uno.Shared.projitems*{f6d48e78-bdf9-4941-a158-3d8550070d97}*SharedItemsImports = 4
	EndGlobalSection
EndGlobal
